
Microsoft Visual Studio Solution File, Format Version 12.00
# Visual Studio Version 16
VisualStudioVersion = 16.0.30413.136
MinimumVisualStudioVersion = 10.0.40219.1
Project("{FAE04EC0-301F-11D3-BF4B-00C04F79EFBC}") = "ALACore", "ALACore\ALACore.csproj", "{73472884-6FE9-412C-9D2C-44D04239233F}"
EndProject
Project("{FAE04EC0-301F-11D3-BF4B-00C04F79EFBC}") = "GALADE_Standalone", "GALADE_Standalone\GALADE_Standalone.csproj", "{AA8283D6-3FED-4C9D-ACA1-38B0089313C2}"
EndProject
Global
	GlobalSection(SolutionConfigurationPlatforms) = preSolution
		Debug|Any CPU = Debug|Any CPU
		Release|Any CPU = Release|Any CPU
	EndGlobalSection
	GlobalSection(ProjectConfigurationPlatforms) = postSolution
		{73472884-6FE9-412C-9D2C-44D04239233F}.Debug|Any CPU.ActiveCfg = Debug|Any CPU
		{73472884-6FE9-412C-9D2C-44D04239233F}.Debug|Any CPU.Build.0 = Debug|Any CPU
		{73472884-6FE9-412C-9D2C-44D04239233F}.Release|Any CPU.ActiveCfg = Release|Any CPU
		{73472884-6FE9-412C-9D2C-44D04239233F}.Release|Any CPU.Build.0 = Release|Any CPU
		{AA8283D6-3FED-4C9D-ACA1-38B0089313C2}.Debug|Any CPU.ActiveCfg = Debug|Any CPU
		{AA8283D6-3FED-4C9D-ACA1-38B0089313C2}.Debug|Any CPU.Build.0 = Debug|Any CPU
		{AA8283D6-3FED-4C9D-ACA1-38B0089313C2}.Release|Any CPU.ActiveCfg = Release|Any CPU
		{AA8283D6-3FED-4C9D-ACA1-38B0089313C2}.Release|Any CPU.Build.0 = Release|Any CPU
	EndGlobalSection
	GlobalSection(SolutionProperties) = preSolution
		HideSolutionNode = FALSE
	EndGlobalSection
	GlobalSection(ExtensibilityGlobals) = postSolution
		SolutionGuid = {A48E0430-9FE1-4BCD-8F83-834D24BEB857}
	EndGlobalSection
EndGlobal
